
Microsoft Visual Studio Solution File, Format Version 12.00
# Visual Studio Version 17
VisualStudioVersion = 17.4.33403.182
MinimumVisualStudioVersion = 10.0.40219.1
Project("{FAE04EC0-301F-11D3-BF4B-00C04F79EFBC}") = "RandomDrops", "RandomDrops\RandomDrops.csproj", "{5BF90910-BE69-4BE8-87F1-EA312415C3E5}"
EndProject
Global
	GlobalSection(SolutionConfigurationPlatforms) = preSolution
		Debug|Any CPU = Debug|Any CPU
		Release|Any CPU = Release|Any CPU
	EndGlobalSection
	GlobalSection(ProjectConfigurationPlatforms) = postSolution
		{5BF90910-BE69-4BE8-87F1-EA312415C3E5}.Debug|Any CPU.ActiveCfg = Debug|Any CPU
		{5BF90910-BE69-4BE8-87F1-EA312415C3E5}.Debug|Any CPU.Build.0 = Debug|Any CPU
		{5BF90910-BE69-4BE8-87F1-EA312415C3E5}.Release|Any CPU.ActiveCfg = Release|Any CPU
		{5BF90910-BE69-4BE8-87F1-EA312415C3E5}.Release|Any CPU.Build.0 = Release|Any CPU
	EndGlobalSection
	GlobalSection(SolutionProperties) = preSolution
		HideSolutionNode = FALSE
	EndGlobalSection
	GlobalSection(ExtensibilityGlobals) = postSolution
		SolutionGuid = {37A48263-F6DF-4CF6-936C-84B3ECD9EB88}
	EndGlobalSection
EndGlobal
